// !$*UTF8*$!
{
	archiveVersion = 1;
	classes = {
	};
	objectVersion = 46;
	objects = {

/* Begin PBXBuildFile section */
		D888B2E81C3D851400660308 /* AppDelegate.swift in Sources */ = {isa = PBXBuildFile; fileRef = D888B2E71C3D851400660308 /* AppDelegate.swift */; };
		D888B2EA1C3D851400660308 /* ViewController.swift in Sources */ = {isa = PBXBuildFile; fileRef = D888B2E91C3D851400660308 /* ViewController.swift */; };
		D888B2EC1C3D851400660308 /* Document.swift in Sources */ = {isa = PBXBuildFile; fileRef = D888B2EB1C3D851400660308 /* Document.swift */; };
		D888B2EE1C3D851400660308 /* Assets.xcassets in Resources */ = {isa = PBXBuildFile; fileRef = D888B2ED1C3D851400660308 /* Assets.xcassets */; };
		D888B2F11C3D851400660308 /* Main.storyboard in Resources */ = {isa = PBXBuildFile; fileRef = D888B2EF1C3D851400660308 /* Main.storyboard */; };
		D888B2F91C4161C100660308 /* WindowController.swift in Sources */ = {isa = PBXBuildFile; fileRef = D888B2F81C4161C100660308 /* WindowController.swift */; };
		D888B2FF1C417ACD00660308 /* XliffFile.swift in Sources */ = {isa = PBXBuildFile; fileRef = D888B2FE1C417ACD00660308 /* XliffFile.swift */; };
		D888B3041C43FBF500660308 /* InfoPlist.strings in Resources */ = {isa = PBXBuildFile; fileRef = D888B3061C43FBF500660308 /* InfoPlist.strings */; };
		D8C0DB971C44329700320C2C /* Localizable.strings in Resources */ = {isa = PBXBuildFile; fileRef = D8C0DB991C44329700320C2C /* Localizable.strings */; };
		D8C0DB9B1C44F9D400320C2C /* EditableTextField.swift in Sources */ = {isa = PBXBuildFile; fileRef = D8C0DB9A1C44F9D400320C2C /* EditableTextField.swift */; };
		D8C0DB9E1C45410B00320C2C /* Localizable.stringsdict in Resources */ = {isa = PBXBuildFile; fileRef = D8C0DBA01C45410B00320C2C /* Localizable.stringsdict */; };
		D8C0DBAA1C46EF2A00320C2C /* xliff_toolTests.swift in Sources */ = {isa = PBXBuildFile; fileRef = D8C0DBA91C46EF2A00320C2C /* xliff_toolTests.swift */; };
		D8C0DBB31C46F35C00320C2C /* de.xliff in Resources */ = {isa = PBXBuildFile; fileRef = D8C0DBB21C46F35C00320C2C /* de.xliff */; };
		D8C0DBB41C46F5DC00320C2C /* XliffFile.swift in Sources */ = {isa = PBXBuildFile; fileRef = D888B2FE1C417ACD00660308 /* XliffFile.swift */; };
/* End PBXBuildFile section */

/* Begin PBXContainerItemProxy section */
		D8C0DBAC1C46EF2A00320C2C /* PBXContainerItemProxy */ = {
			isa = PBXContainerItemProxy;
			containerPortal = D888B2DC1C3D851400660308 /* Project object */;
			proxyType = 1;
			remoteGlobalIDString = D888B2E31C3D851400660308;
			remoteInfo = "xliff-tool";
		};
/* End PBXContainerItemProxy section */

/* Begin PBXFileReference section */
		D888B2E41C3D851400660308 /* xliff-tool.app */ = {isa = PBXFileReference; explicitFileType = wrapper.application; includeInIndex = 0; path = "xliff-tool.app"; sourceTree = BUILT_PRODUCTS_DIR; };
		D888B2E71C3D851400660308 /* AppDelegate.swift */ = {isa = PBXFileReference; lastKnownFileType = sourcecode.swift; path = AppDelegate.swift; sourceTree = "<group>"; };
		D888B2E91C3D851400660308 /* ViewController.swift */ = {isa = PBXFileReference; lastKnownFileType = sourcecode.swift; path = ViewController.swift; sourceTree = "<group>"; };
		D888B2EB1C3D851400660308 /* Document.swift */ = {isa = PBXFileReference; lastKnownFileType = sourcecode.swift; path = Document.swift; sourceTree = "<group>"; };
		D888B2ED1C3D851400660308 /* Assets.xcassets */ = {isa = PBXFileReference; lastKnownFileType = folder.assetcatalog; path = Assets.xcassets; sourceTree = "<group>"; };
		D888B2F01C3D851400660308 /* Base */ = {isa = PBXFileReference; lastKnownFileType = file.storyboard; name = Base; path = Base.lproj/Main.storyboard; sourceTree = "<group>"; };
		D888B2F21C3D851400660308 /* Info.plist */ = {isa = PBXFileReference; lastKnownFileType = text.plist.xml; path = Info.plist; sourceTree = "<group>"; };
		D888B2F81C4161C100660308 /* WindowController.swift */ = {isa = PBXFileReference; fileEncoding = 4; lastKnownFileType = sourcecode.swift; path = WindowController.swift; sourceTree = "<group>"; };
		D888B2FE1C417ACD00660308 /* XliffFile.swift */ = {isa = PBXFileReference; fileEncoding = 4; lastKnownFileType = sourcecode.swift; path = XliffFile.swift; sourceTree = "<group>"; };
		D888B3011C43CEC400660308 /* de */ = {isa = PBXFileReference; lastKnownFileType = text.plist.strings; name = de; path = de.lproj/Main.strings; sourceTree = "<group>"; };
		D888B3051C43FBF500660308 /* de */ = {isa = PBXFileReference; lastKnownFileType = text.plist.strings; name = de; path = de.lproj/InfoPlist.strings; sourceTree = "<group>"; };
		D8C0DB981C44329700320C2C /* de */ = {isa = PBXFileReference; lastKnownFileType = text.plist.strings; name = de; path = de.lproj/Localizable.strings; sourceTree = "<group>"; };
		D8C0DB9A1C44F9D400320C2C /* EditableTextField.swift */ = {isa = PBXFileReference; fileEncoding = 4; lastKnownFileType = sourcecode.swift; path = EditableTextField.swift; sourceTree = "<group>"; };
		D8C0DB9F1C45410B00320C2C /* Base */ = {isa = PBXFileReference; lastKnownFileType = text.plist.stringsdict; name = Base; path = Base.lproj/Localizable.stringsdict; sourceTree = "<group>"; };
		D8C0DBA11C45410E00320C2C /* de */ = {isa = PBXFileReference; lastKnownFileType = text.plist.stringsdict; name = de; path = de.lproj/Localizable.stringsdict; sourceTree = "<group>"; xcLanguageSpecificationIdentifier = xcode.lang.xml; };
		D8C0DBA21C45785700320C2C /* xliff-tool.entitlements */ = {isa = PBXFileReference; lastKnownFileType = text.xml; path = "xliff-tool.entitlements"; sourceTree = "<group>"; };
		D8C0DBA71C46EF2A00320C2C /* xliff-toolTests.xctest */ = {isa = PBXFileReference; explicitFileType = wrapper.cfbundle; includeInIndex = 0; path = "xliff-toolTests.xctest"; sourceTree = BUILT_PRODUCTS_DIR; };
		D8C0DBA91C46EF2A00320C2C /* xliff_toolTests.swift */ = {isa = PBXFileReference; lastKnownFileType = sourcecode.swift; path = xliff_toolTests.swift; sourceTree = "<group>"; };
		D8C0DBAB1C46EF2A00320C2C /* Info.plist */ = {isa = PBXFileReference; lastKnownFileType = text.plist.xml; path = Info.plist; sourceTree = "<group>"; };
		D8C0DBB21C46F35C00320C2C /* de.xliff */ = {isa = PBXFileReference; fileEncoding = 4; lastKnownFileType = text.xml; path = de.xliff; sourceTree = "<group>"; };
/* End PBXFileReference section */

/* Begin PBXFrameworksBuildPhase section */
		D888B2E11C3D851400660308 /* Frameworks */ = {
			isa = PBXFrameworksBuildPhase;
			buildActionMask = 2147483647;
			files = (
			);
			runOnlyForDeploymentPostprocessing = 0;
		};
		D8C0DBA41C46EF2A00320C2C /* Frameworks */ = {
			isa = PBXFrameworksBuildPhase;
			buildActionMask = 2147483647;
			files = (
			);
			runOnlyForDeploymentPostprocessing = 0;
		};
/* End PBXFrameworksBuildPhase section */

/* Begin PBXGroup section */
		D888B2DB1C3D851400660308 = {
			isa = PBXGroup;
			children = (
				D888B2E61C3D851400660308 /* xliff-tool */,
				D8C0DBA81C46EF2A00320C2C /* xliff-toolTests */,
				D888B2E51C3D851400660308 /* Products */,
			);
			sourceTree = "<group>";
		};
		D888B2E51C3D851400660308 /* Products */ = {
			isa = PBXGroup;
			children = (
				D888B2E41C3D851400660308 /* xliff-tool.app */,
				D8C0DBA71C46EF2A00320C2C /* xliff-toolTests.xctest */,
			);
			name = Products;
			sourceTree = "<group>";
		};
		D888B2E61C3D851400660308 /* xliff-tool */ = {
			isa = PBXGroup;
			children = (
				D8C0DBA21C45785700320C2C /* xliff-tool.entitlements */,
				D8C0DB9A1C44F9D400320C2C /* EditableTextField.swift */,
				D888B2E91C3D851400660308 /* ViewController.swift */,
				D888B2EB1C3D851400660308 /* Document.swift */,
				D888B2EF1C3D851400660308 /* Main.storyboard */,
				D888B2FE1C417ACD00660308 /* XliffFile.swift */,
				D8C0DB941C44220200320C2C /* Supporting Files */,
			);
			path = "xliff-tool";
			sourceTree = "<group>";
		};
		D8C0DB941C44220200320C2C /* Supporting Files */ = {
			isa = PBXGroup;
			children = (
				D8C0DB991C44329700320C2C /* Localizable.strings */,
				D8C0DBA01C45410B00320C2C /* Localizable.stringsdict */,
				D888B2F21C3D851400660308 /* Info.plist */,
				D888B2ED1C3D851400660308 /* Assets.xcassets */,
				D888B3061C43FBF500660308 /* InfoPlist.strings */,
				D888B2E71C3D851400660308 /* AppDelegate.swift */,
				D888B2F81C4161C100660308 /* WindowController.swift */,
			);
			name = "Supporting Files";
			sourceTree = "<group>";
		};
		D8C0DBA81C46EF2A00320C2C /* xliff-toolTests */ = {
			isa = PBXGroup;
			children = (
				D8C0DBB11C46F35C00320C2C /* fixtures */,
				D8C0DBA91C46EF2A00320C2C /* xliff_toolTests.swift */,
				D8C0DBAB1C46EF2A00320C2C /* Info.plist */,
			);
			path = "xliff-toolTests";
			sourceTree = "<group>";
		};
		D8C0DBB11C46F35C00320C2C /* fixtures */ = {
			isa = PBXGroup;
			children = (
				D8C0DBB21C46F35C00320C2C /* de.xliff */,
			);
			path = fixtures;
			sourceTree = "<group>";
		};
/* End PBXGroup section */

/* Begin PBXNativeTarget section */
		D888B2E31C3D851400660308 /* xliff-tool */ = {
			isa = PBXNativeTarget;
			buildConfigurationList = D888B2F51C3D851400660308 /* Build configuration list for PBXNativeTarget "xliff-tool" */;
			buildPhases = (
				D888B2E01C3D851400660308 /* Sources */,
				D888B2E11C3D851400660308 /* Frameworks */,
				D888B2E21C3D851400660308 /* Resources */,
			);
			buildRules = (
			);
			dependencies = (
			);
			name = "xliff-tool";
			productName = "xliff-tool";
			productReference = D888B2E41C3D851400660308 /* xliff-tool.app */;
			productType = "com.apple.product-type.application";
		};
		D8C0DBA61C46EF2A00320C2C /* xliff-toolTests */ = {
			isa = PBXNativeTarget;
			buildConfigurationList = D8C0DBAE1C46EF2A00320C2C /* Build configuration list for PBXNativeTarget "xliff-toolTests" */;
			buildPhases = (
				D8C0DBA31C46EF2A00320C2C /* Sources */,
				D8C0DBA41C46EF2A00320C2C /* Frameworks */,
				D8C0DBA51C46EF2A00320C2C /* Resources */,
			);
			buildRules = (
			);
			dependencies = (
				D8C0DBAD1C46EF2A00320C2C /* PBXTargetDependency */,
			);
			name = "xliff-toolTests";
			productName = "xliff-toolTests";
			productReference = D8C0DBA71C46EF2A00320C2C /* xliff-toolTests.xctest */;
			productType = "com.apple.product-type.bundle.unit-test";
		};
/* End PBXNativeTarget section */

/* Begin PBXProject section */
		D888B2DC1C3D851400660308 /* Project object */ = {
			isa = PBXProject;
			attributes = {
				LastSwiftUpdateCheck = 0720;
				LastUpgradeCheck = 0720;
				ORGANIZATIONNAME = "Remus Lazar";
				TargetAttributes = {
					D888B2E31C3D851400660308 = {
						CreatedOnToolsVersion = 7.2;
						DevelopmentTeam = 5MR244XF46;
						SystemCapabilities = {
							com.apple.Sandbox = {
								enabled = 1;
							};
						};
					};
					D8C0DBA61C46EF2A00320C2C = {
						CreatedOnToolsVersion = 7.2;
						TestTargetID = D888B2E31C3D851400660308;
					};
				};
			};
			buildConfigurationList = D888B2DF1C3D851400660308 /* Build configuration list for PBXProject "xliff-tool" */;
			compatibilityVersion = "Xcode 3.2";
			developmentRegion = English;
			hasScannedForEncodings = 0;
			knownRegions = (
				en,
				Base,
				de,
			);
			mainGroup = D888B2DB1C3D851400660308;
			productRefGroup = D888B2E51C3D851400660308 /* Products */;
			projectDirPath = "";
			projectRoot = "";
			targets = (
				D888B2E31C3D851400660308 /* xliff-tool */,
				D8C0DBA61C46EF2A00320C2C /* xliff-toolTests */,
			);
		};
/* End PBXProject section */

/* Begin PBXResourcesBuildPhase section */
		D888B2E21C3D851400660308 /* Resources */ = {
			isa = PBXResourcesBuildPhase;
			buildActionMask = 2147483647;
			files = (
				D888B2EE1C3D851400660308 /* Assets.xcassets in Resources */,
				D8C0DB971C44329700320C2C /* Localizable.strings in Resources */,
				D888B3041C43FBF500660308 /* InfoPlist.strings in Resources */,
				D8C0DB9E1C45410B00320C2C /* Localizable.stringsdict in Resources */,
				D888B2F11C3D851400660308 /* Main.storyboard in Resources */,
			);
			runOnlyForDeploymentPostprocessing = 0;
		};
		D8C0DBA51C46EF2A00320C2C /* Resources */ = {
			isa = PBXResourcesBuildPhase;
			buildActionMask = 2147483647;
			files = (
				D8C0DBB31C46F35C00320C2C /* de.xliff in Resources */,
			);
			runOnlyForDeploymentPostprocessing = 0;
		};
/* End PBXResourcesBuildPhase section */

/* Begin PBXSourcesBuildPhase section */
		D888B2E01C3D851400660308 /* Sources */ = {
			isa = PBXSourcesBuildPhase;
			buildActionMask = 2147483647;
			files = (
				D888B2EA1C3D851400660308 /* ViewController.swift in Sources */,
				D888B2F91C4161C100660308 /* WindowController.swift in Sources */,
				D888B2E81C3D851400660308 /* AppDelegate.swift in Sources */,
				D888B2EC1C3D851400660308 /* Document.swift in Sources */,
				D888B2FF1C417ACD00660308 /* XliffFile.swift in Sources */,
				D8C0DB9B1C44F9D400320C2C /* EditableTextField.swift in Sources */,
			);
			runOnlyForDeploymentPostprocessing = 0;
		};
		D8C0DBA31C46EF2A00320C2C /* Sources */ = {
			isa = PBXSourcesBuildPhase;
			buildActionMask = 2147483647;
			files = (
				D8C0DBAA1C46EF2A00320C2C /* xliff_toolTests.swift in Sources */,
				D8C0DBB41C46F5DC00320C2C /* XliffFile.swift in Sources */,
			);
			runOnlyForDeploymentPostprocessing = 0;
		};
/* End PBXSourcesBuildPhase section */

/* Begin PBXTargetDependency section */
		D8C0DBAD1C46EF2A00320C2C /* PBXTargetDependency */ = {
			isa = PBXTargetDependency;
			target = D888B2E31C3D851400660308 /* xliff-tool */;
			targetProxy = D8C0DBAC1C46EF2A00320C2C /* PBXContainerItemProxy */;
		};
/* End PBXTargetDependency section */

/* Begin PBXVariantGroup section */
		D888B2EF1C3D851400660308 /* Main.storyboard */ = {
			isa = PBXVariantGroup;
			children = (
				D888B2F01C3D851400660308 /* Base */,
				D888B3011C43CEC400660308 /* de */,
			);
			name = Main.storyboard;
			sourceTree = "<group>";
		};
		D888B3061C43FBF500660308 /* InfoPlist.strings */ = {
			isa = PBXVariantGroup;
			children = (
				D888B3051C43FBF500660308 /* de */,
			);
			name = InfoPlist.strings;
			sourceTree = "<group>";
		};
		D8C0DB991C44329700320C2C /* Localizable.strings */ = {
			isa = PBXVariantGroup;
			children = (
				D8C0DB981C44329700320C2C /* de */,
			);
			name = Localizable.strings;
			sourceTree = "<group>";
		};
		D8C0DBA01C45410B00320C2C /* Localizable.stringsdict */ = {
			isa = PBXVariantGroup;
			children = (
				D8C0DB9F1C45410B00320C2C /* Base */,
				D8C0DBA11C45410E00320C2C /* de */,
			);
			name = Localizable.stringsdict;
			sourceTree = "<group>";
		};
/* End PBXVariantGroup section */

/* Begin XCBuildConfiguration section */
		D888B2F31C3D851400660308 /* Debug */ = {
			isa = XCBuildConfiguration;
			buildSettings = {
				ALWAYS_SEARCH_USER_PATHS = NO;
				CLANG_CXX_LANGUAGE_STANDARD = "gnu++0x";
				CLANG_CXX_LIBRARY = "libc++";
				CLANG_ENABLE_MODULES = YES;
				CLANG_ENABLE_OBJC_ARC = YES;
				CLANG_WARN_BOOL_CONVERSION = YES;
				CLANG_WARN_CONSTANT_CONVERSION = YES;
				CLANG_WARN_DIRECT_OBJC_ISA_USAGE = YES_ERROR;
				CLANG_WARN_EMPTY_BODY = YES;
				CLANG_WARN_ENUM_CONVERSION = YES;
				CLANG_WARN_INT_CONVERSION = YES;
				CLANG_WARN_OBJC_ROOT_CLASS = YES_ERROR;
				CLANG_WARN_UNREACHABLE_CODE = YES;
				CLANG_WARN__DUPLICATE_METHOD_MATCH = YES;
				CODE_SIGN_IDENTITY = "-";
				COPY_PHASE_STRIP = NO;
				DEBUG_INFORMATION_FORMAT = dwarf;
				ENABLE_STRICT_OBJC_MSGSEND = YES;
				ENABLE_TESTABILITY = YES;
				GCC_C_LANGUAGE_STANDARD = gnu99;
				GCC_DYNAMIC_NO_PIC = NO;
				GCC_NO_COMMON_BLOCKS = YES;
				GCC_OPTIMIZATION_LEVEL = 0;
				GCC_PREPROCESSOR_DEFINITIONS = (
					"DEBUG=1",
					"$(inherited)",
				);
				GCC_WARN_64_TO_32_BIT_CONVERSION = YES;
				GCC_WARN_ABOUT_RETURN_TYPE = YES_ERROR;
				GCC_WARN_UNDECLARED_SELECTOR = YES;
				GCC_WARN_UNINITIALIZED_AUTOS = YES_AGGRESSIVE;
				GCC_WARN_UNUSED_FUNCTION = YES;
				GCC_WARN_UNUSED_VARIABLE = YES;
				MACOSX_DEPLOYMENT_TARGET = 10.10;
				MTL_ENABLE_DEBUG_INFO = YES;
				ONLY_ACTIVE_ARCH = YES;
				SDKROOT = macosx;
				SWIFT_OPTIMIZATION_LEVEL = "-Onone";
			};
			name = Debug;
		};
		D888B2F41C3D851400660308 /* Release */ = {
			isa = XCBuildConfiguration;
			buildSettings = {
				ALWAYS_SEARCH_USER_PATHS = NO;
				CLANG_CXX_LANGUAGE_STANDARD = "gnu++0x";
				CLANG_CXX_LIBRARY = "libc++";
				CLANG_ENABLE_MODULES = YES;
				CLANG_ENABLE_OBJC_ARC = YES;
				CLANG_WARN_BOOL_CONVERSION = YES;
				CLANG_WARN_CONSTANT_CONVERSION = YES;
				CLANG_WARN_DIRECT_OBJC_ISA_USAGE = YES_ERROR;
				CLANG_WARN_EMPTY_BODY = YES;
				CLANG_WARN_ENUM_CONVERSION = YES;
				CLANG_WARN_INT_CONVERSION = YES;
				CLANG_WARN_OBJC_ROOT_CLASS = YES_ERROR;
				CLANG_WARN_UNREACHABLE_CODE = YES;
				CLANG_WARN__DUPLICATE_METHOD_MATCH = YES;
				CODE_SIGN_IDENTITY = "-";
				COPY_PHASE_STRIP = NO;
				DEBUG_INFORMATION_FORMAT = "dwarf-with-dsym";
				ENABLE_NS_ASSERTIONS = NO;
				ENABLE_STRICT_OBJC_MSGSEND = YES;
				GCC_C_LANGUAGE_STANDARD = gnu99;
				GCC_NO_COMMON_BLOCKS = YES;
				GCC_WARN_64_TO_32_BIT_CONVERSION = YES;
				GCC_WARN_ABOUT_RETURN_TYPE = YES_ERROR;
				GCC_WARN_UNDECLARED_SELECTOR = YES;
				GCC_WARN_UNINITIALIZED_AUTOS = YES_AGGRESSIVE;
				GCC_WARN_UNUSED_FUNCTION = YES;
				GCC_WARN_UNUSED_VARIABLE = YES;
				MACOSX_DEPLOYMENT_TARGET = 10.10;
				MTL_ENABLE_DEBUG_INFO = NO;
				SDKROOT = macosx;
			};
			name = Release;
		};
		D888B2F61C3D851400660308 /* Debug */ = {
			isa = XCBuildConfiguration;
			buildSettings = {
				ASSETCATALOG_COMPILER_APPICON_NAME = AppIcon;
				CODE_SIGN_ENTITLEMENTS = "xliff-tool/xliff-tool.entitlements";
				CODE_SIGN_IDENTITY = "Mac Developer";
				COMBINE_HIDPI_IMAGES = YES;
				INFOPLIST_FILE = "xliff-tool/Info.plist";
				LD_RUNPATH_SEARCH_PATHS = "$(inherited) @executable_path/../Frameworks";
				PRODUCT_BUNDLE_IDENTIFIER = "info.lazar.xliff-tool";
				PRODUCT_NAME = "$(TARGET_NAME)";
			};
			name = Debug;
		};
		D888B2F71C3D851400660308 /* Release */ = {
			isa = XCBuildConfiguration;
			buildSettings = {
				ASSETCATALOG_COMPILER_APPICON_NAME = AppIcon;
				CODE_SIGN_ENTITLEMENTS = "xliff-tool/xliff-tool.entitlements";
				CODE_SIGN_IDENTITY = "Mac Developer";
				COMBINE_HIDPI_IMAGES = YES;
				INFOPLIST_FILE = "xliff-tool/Info.plist";
				LD_RUNPATH_SEARCH_PATHS = "$(inherited) @executable_path/../Frameworks";
				PRODUCT_BUNDLE_IDENTIFIER = "info.lazar.xliff-tool";
				PRODUCT_NAME = "$(TARGET_NAME)";
			};
			name = Release;
		};
		D8C0DBAF1C46EF2A00320C2C /* Debug */ = {
			isa = XCBuildConfiguration;
			buildSettings = {
				BUNDLE_LOADER = "$(TEST_HOST)";
				COMBINE_HIDPI_IMAGES = YES;
				INFOPLIST_FILE = "xliff-toolTests/Info.plist";
				LD_RUNPATH_SEARCH_PATHS = "$(inherited) @executable_path/../Frameworks @loader_path/../Frameworks";
				MACOSX_DEPLOYMENT_TARGET = 10.11;
				PRODUCT_BUNDLE_IDENTIFIER = "lazar.info.xliff-toolTests";
				PRODUCT_NAME = "$(TARGET_NAME)";
				TEST_HOST = "$(BUILT_PRODUCTS_DIR)/xliff-tool.app/Contents/MacOS/xliff-tool";
			};
			name = Debug;
		};
		D8C0DBB01C46EF2A00320C2C /* Release */ = {
			isa = XCBuildConfiguration;
			buildSettings = {
				BUNDLE_LOADER = "$(TEST_HOST)";
				COMBINE_HIDPI_IMAGES = YES;
				INFOPLIST_FILE = "xliff-toolTests/Info.plist";
				LD_RUNPATH_SEARCH_PATHS = "$(inherited) @executable_path/../Frameworks @loader_path/../Frameworks";
				MACOSX_DEPLOYMENT_TARGET = 10.11;
				PRODUCT_BUNDLE_IDENTIFIER = "lazar.info.xliff-toolTests";
				PRODUCT_NAME = "$(TARGET_NAME)";
				TEST_HOST = "$(BUILT_PRODUCTS_DIR)/xliff-tool.app/Contents/MacOS/xliff-tool";
			};
			name = Release;
		};
/* End XCBuildConfiguration section */

/* Begin XCConfigurationList section */
		D888B2DF1C3D851400660308 /* Build configuration list for PBXProject "xliff-tool" */ = {
			isa = XCConfigurationList;
			buildConfigurations = (
				D888B2F31C3D851400660308 /* Debug */,
				D888B2F41C3D851400660308 /* Release */,
			);
			defaultConfigurationIsVisible = 0;
			defaultConfigurationName = Release;
		};
		D888B2F51C3D851400660308 /* Build configuration list for PBXNativeTarget "xliff-tool" */ = {
			isa = XCConfigurationList;
			buildConfigurations = (
				D888B2F61C3D851400660308 /* Debug */,
				D888B2F71C3D851400660308 /* Release */,
			);
			defaultConfigurationIsVisible = 0;
			defaultConfigurationName = Release;
		};
		D8C0DBAE1C46EF2A00320C2C /* Build configuration list for PBXNativeTarget "xliff-toolTests" */ = {
			isa = XCConfigurationList;
			buildConfigurations = (
				D8C0DBAF1C46EF2A00320C2C /* Debug */,
				D8C0DBB01C46EF2A00320C2C /* Release */,
			);
			defaultConfigurationIsVisible = 0;
		};
/* End XCConfigurationList section */
	};
	rootObject = D888B2DC1C3D851400660308 /* Project object */;
}
